Microsoft Visual Studio Solution File, Format Version 11.00
# Visual Studio 2010
Project("{8BC9CEB8-8B4A-11D0-8D11-00A0C91BC942}") = "ALL_BUILD", ".\ALL_BUILD.vcxproj", "{60F36BB7-8C0F-4B92-BE64-2F8248CC1D86}"
	ProjectSection(ProjectDependencies) = postProject
		{B93B26BE-E03E-4436-B4DE-3C0F7B40AA8B} = {B93B26BE-E03E-4436-B4DE-3C0F7B40AA8B}
		{480820E8-413E-4A13-8481-1B9A183D694A} = {480820E8-413E-4A13-8481-1B9A183D694A}
	EndProjectSection
EndProject
Project("{8BC9CEB8-8B4A-11D0-8D11-00A0C91BC942}") = "INSTALL", ".\INSTALL.vcxproj", "{B6EF7C88-5EAA-4256-94CC-595DE697A07B}"
	ProjectSection(ProjectDependencies) = postProject
		{60F36BB7-8C0F-4B92-BE64-2F8248CC1D86} = {60F36BB7-8C0F-4B92-BE64-2F8248CC1D86}
	EndProjectSection
EndProject
Project("{8BC9CEB8-8B4A-11D0-8D11-00A0C91BC942}") = "MeshMixer", ".\MeshMixer.vcxproj", "{B93B26BE-E03E-4436-B4DE-3C0F7B40AA8B}"
	ProjectSection(ProjectDependencies) = postProject
		{480820E8-413E-4A13-8481-1B9A183D694A} = {480820E8-413E-4A13-8481-1B9A183D694A}
	EndProjectSection
EndProject
Project("{8BC9CEB8-8B4A-11D0-8D11-00A0C91BC942}") = "ZERO_CHECK", ".\ZERO_CHECK.vcxproj", "{480820E8-413E-4A13-8481-1B9A183D694A}"
	ProjectSection(ProjectDependencies) = postProject
	EndProjectSection
EndProject
Global
	GlobalSection(SolutionConfigurationPlatforms) = preSolution
		Debug|Win32 = Debug|Win32
		Release|Win32 = Release|Win32
		MinSizeRel|Win32 = MinSizeRel|Win32
		RelWithDebInfo|Win32 = RelWithDebInfo|Win32
	EndGlobalSection
	GlobalSection(ProjectConfigurationPlatforms) = postSolution
		{60F36BB7-8C0F-4B92-BE64-2F8248CC1D86}.Debug|Win32.ActiveCfg = Debug|Win32
		{60F36BB7-8C0F-4B92-BE64-2F8248CC1D86}.Debug|Win32.Build.0 = Debug|Win32
		{60F36BB7-8C0F-4B92-BE64-2F8248CC1D86}.Release|Win32.ActiveCfg = Release|Win32
		{60F36BB7-8C0F-4B92-BE64-2F8248CC1D86}.Release|Win32.Build.0 = Release|Win32
		{60F36BB7-8C0F-4B92-BE64-2F8248CC1D86}.MinSizeRel|Win32.ActiveCfg = MinSizeRel|Win32
		{60F36BB7-8C0F-4B92-BE64-2F8248CC1D86}.MinSizeRel|Win32.Build.0 = MinSizeRel|Win32
		{60F36BB7-8C0F-4B92-BE64-2F8248CC1D86}.RelWithDebInfo|Win32.ActiveCfg = RelWithDebInfo|Win32
		{60F36BB7-8C0F-4B92-BE64-2F8248CC1D86}.RelWithDebInfo|Win32.Build.0 = RelWithDebInfo|Win32
		{B6EF7C88-5EAA-4256-94CC-595DE697A07B}.Debug|Win32.ActiveCfg = Debug|Win32
		{B6EF7C88-5EAA-4256-94CC-595DE697A07B}.Release|Win32.ActiveCfg = Release|Win32
		{B6EF7C88-5EAA-4256-94CC-595DE697A07B}.MinSizeRel|Win32.ActiveCfg = MinSizeRel|Win32
		{B6EF7C88-5EAA-4256-94CC-595DE697A07B}.RelWithDebInfo|Win32.ActiveCfg = RelWithDebInfo|Win32
		{B93B26BE-E03E-4436-B4DE-3C0F7B40AA8B}.Debug|Win32.ActiveCfg = Debug|Win32
		{B93B26BE-E03E-4436-B4DE-3C0F7B40AA8B}.Debug|Win32.Build.0 = Debug|Win32
		{B93B26BE-E03E-4436-B4DE-3C0F7B40AA8B}.Release|Win32.ActiveCfg = Release|Win32
		{B93B26BE-E03E-4436-B4DE-3C0F7B40AA8B}.Release|Win32.Build.0 = Release|Win32
		{B93B26BE-E03E-4436-B4DE-3C0F7B40AA8B}.MinSizeRel|Win32.ActiveCfg = MinSizeRel|Win32
		{B93B26BE-E03E-4436-B4DE-3C0F7B40AA8B}.MinSizeRel|Win32.Build.0 = MinSizeRel|Win32
		{B93B26BE-E03E-4436-B4DE-3C0F7B40AA8B}.RelWithDebInfo|Win32.ActiveCfg = RelWithDebInfo|Win32
		{B93B26BE-E03E-4436-B4DE-3C0F7B40AA8B}.RelWithDebInfo|Win32.Build.0 = RelWithDebInfo|Win32
		{480820E8-413E-4A13-8481-1B9A183D694A}.Debug|Win32.ActiveCfg = Debug|Win32
		{480820E8-413E-4A13-8481-1B9A183D694A}.Debug|Win32.Build.0 = Debug|Win32
		{480820E8-413E-4A13-8481-1B9A183D694A}.Release|Win32.ActiveCfg = Release|Win32
		{480820E8-413E-4A13-8481-1B9A183D694A}.Release|Win32.Build.0 = Release|Win32
		{480820E8-413E-4A13-8481-1B9A183D694A}.MinSizeRel|Win32.ActiveCfg = MinSizeRel|Win32
		{480820E8-413E-4A13-8481-1B9A183D694A}.MinSizeRel|Win32.Build.0 = MinSizeRel|Win32
		{480820E8-413E-4A13-8481-1B9A183D694A}.RelWithDebInfo|Win32.ActiveCfg = RelWithDebInfo|Win32
		{480820E8-413E-4A13-8481-1B9A183D694A}.RelWithDebInfo|Win32.Build.0 = RelWithDebInfo|Win32
	EndGlobalSection
	GlobalSection(ExtensibilityGlobals) = postSolution
	EndGlobalSection
	GlobalSection(ExtensibilityAddIns) = postSolution
	EndGlobalSection
EndGlobal
