
Microsoft Visual Studio Solution File, Format Version 10.00
# Visual C++ Express 2008
Project("{8BC9CEB8-8B4A-11D0-8D11-00A0C91BC942}") = "MeshMixer", "MeshMixer.vcproj", "{1DA068D1-0E76-4343-A1FD-9C57844AFAF0}"
EndProject
Global
	GlobalSection(SolutionConfigurationPlatforms) = preSolution
		Debug|Win32 = Debug|Win32
		debug-dll|Win32 = debug-dll|Win32
		debug-noboost-st|Win32 = debug-noboost-st|Win32
		debug-st|Win32 = debug-st|Win32
		DebugStaticLib|Win32 = DebugStaticLib|Win32
		Release|Win32 = Release|Win32
		release-dll|Win32 = release-dll|Win32
		release-noboost-st|Win32 = release-noboost-st|Win32
		release-st|Win32 = release-st|Win32
		ReleaseStaticLib|Win32 = ReleaseStaticLib|Win32
	EndGlobalSection
	GlobalSection(ProjectConfigurationPlatforms) = postSolution
		{1DA068D1-0E76-4343-A1FD-9C57844AFAF0}.Debug|Win32.ActiveCfg = Debug|Win32
		{1DA068D1-0E76-4343-A1FD-9C57844AFAF0}.Debug|Win32.Build.0 = Debug|Win32
		{1DA068D1-0E76-4343-A1FD-9C57844AFAF0}.debug-dll|Win32.ActiveCfg = Debug|Win32
		{1DA068D1-0E76-4343-A1FD-9C57844AFAF0}.debug-dll|Win32.Build.0 = Debug|Win32
		{1DA068D1-0E76-4343-A1FD-9C57844AFAF0}.debug-noboost-st|Win32.ActiveCfg = Debug|Win32
		{1DA068D1-0E76-4343-A1FD-9C57844AFAF0}.debug-noboost-st|Win32.Build.0 = Debug|Win32
		{1DA068D1-0E76-4343-A1FD-9C57844AFAF0}.debug-st|Win32.ActiveCfg = Debug|Win32
		{1DA068D1-0E76-4343-A1FD-9C57844AFAF0}.debug-st|Win32.Build.0 = Debug|Win32
		{1DA068D1-0E76-4343-A1FD-9C57844AFAF0}.DebugStaticLib|Win32.ActiveCfg = Debug|Win32
		{1DA068D1-0E76-4343-A1FD-9C57844AFAF0}.DebugStaticLib|Win32.Build.0 = Debug|Win32
		{1DA068D1-0E76-4343-A1FD-9C57844AFAF0}.Release|Win32.ActiveCfg = Release|Win32
		{1DA068D1-0E76-4343-A1FD-9C57844AFAF0}.Release|Win32.Build.0 = Release|Win32
		{1DA068D1-0E76-4343-A1FD-9C57844AFAF0}.release-dll|Win32.ActiveCfg = Release|Win32
		{1DA068D1-0E76-4343-A1FD-9C57844AFAF0}.release-dll|Win32.Build.0 = Release|Win32
		{1DA068D1-0E76-4343-A1FD-9C57844AFAF0}.release-noboost-st|Win32.ActiveCfg = Release|Win32
		{1DA068D1-0E76-4343-A1FD-9C57844AFAF0}.release-noboost-st|Win32.Build.0 = Release|Win32
		{1DA068D1-0E76-4343-A1FD-9C57844AFAF0}.release-st|Win32.ActiveCfg = Release|Win32
		{1DA068D1-0E76-4343-A1FD-9C57844AFAF0}.release-st|Win32.Build.0 = Release|Win32
		{1DA068D1-0E76-4343-A1FD-9C57844AFAF0}.ReleaseStaticLib|Win32.ActiveCfg = Release|Win32
		{1DA068D1-0E76-4343-A1FD-9C57844AFAF0}.ReleaseStaticLib|Win32.Build.0 = Release|Win32
	EndGlobalSection
	GlobalSection(SolutionProperties) = preSolution
		HideSolutionNode = FALSE
	EndGlobalSection
EndGlobal
